
Microsoft Visual Studio Solution File, Format Version 12.00
# Visual Studio 2013
VisualStudioVersion = 12.0.21005.1
MinimumVisualStudioVersion = 10.0.40219.1
Project("{FAE04EC0-301F-11D3-BF4B-00C04F79EFBC}") = "Website", "Education Support\Website.csproj", "{D39D0B9C-FBED-425B-A546-D320418C7159}"
EndProject
Project("{FAE04EC0-301F-11D3-BF4B-00C04F79EFBC}") = "Website.Tests", "Education Support.Tests\Website.Tests.csproj", "{D6FD45C9-39DF-46A5-B02C-BB23AE8A020B}"
EndProject
Project("{FAE04EC0-301F-11D3-BF4B-00C04F79EFBC}") = "Framework", "..\..\..\..\..\..\Development\Source\Education Support\Framework\Framework.csproj", "{A89D450A-76B1-4CEA-B878-A8BB4ABF06DC}"
EndProject
Global
	GlobalSection(SolutionConfigurationPlatforms) = preSolution
		Debug|Any CPU = Debug|Any CPU
		Release|Any CPU = Release|Any CPU
	EndGlobalSection
	GlobalSection(ProjectConfigurationPlatforms) = postSolution
		{D39D0B9C-FBED-425B-A546-D320418C7159}.Debug|Any CPU.ActiveCfg = Debug|Any CPU
		{D39D0B9C-FBED-425B-A546-D320418C7159}.Debug|Any CPU.Build.0 = Debug|Any CPU
		{D39D0B9C-FBED-425B-A546-D320418C7159}.Release|Any CPU.ActiveCfg = Release|Any CPU
		{D39D0B9C-FBED-425B-A546-D320418C7159}.Release|Any CPU.Build.0 = Release|Any CPU
		{D6FD45C9-39DF-46A5-B02C-BB23AE8A020B}.Debug|Any CPU.ActiveCfg = Debug|Any CPU
		{D6FD45C9-39DF-46A5-B02C-BB23AE8A020B}.Debug|Any CPU.Build.0 = Debug|Any CPU
		{D6FD45C9-39DF-46A5-B02C-BB23AE8A020B}.Release|Any CPU.ActiveCfg = Release|Any CPU
		{D6FD45C9-39DF-46A5-B02C-BB23AE8A020B}.Release|Any CPU.Build.0 = Release|Any CPU
		{A89D450A-76B1-4CEA-B878-A8BB4ABF06DC}.Debug|Any CPU.ActiveCfg = Debug|Any CPU
		{A89D450A-76B1-4CEA-B878-A8BB4ABF06DC}.Debug|Any CPU.Build.0 = Debug|Any CPU
		{A89D450A-76B1-4CEA-B878-A8BB4ABF06DC}.Release|Any CPU.ActiveCfg = Release|Any CPU
		{A89D450A-76B1-4CEA-B878-A8BB4ABF06DC}.Release|Any CPU.Build.0 = Release|Any CPU
	EndGlobalSection
	GlobalSection(SolutionProperties) = preSolution
		HideSolutionNode = FALSE
	EndGlobalSection
EndGlobal
